// !$*UTF8*$!
{
	archiveVersion = 1;
	classes = {
	};
	objectVersion = 46;
	objects = {

/* Begin PBXBuildFile section */
		59435F591E1D2E27007246FB /* PaletteViewController.swift in Sources */ = {isa = PBXBuildFile; fileRef = 59435F581E1D2E27007246FB /* PaletteViewController.swift */; };
		59435F5B1E1D3516007246FB /* PopUpView.swift in Sources */ = {isa = PBXBuildFile; fileRef = 59435F5A1E1D3516007246FB /* PopUpView.swift */; };
		59435F5D1E1D40F5007246FB /* PaletteView.swift in Sources */ = {isa = PBXBuildFile; fileRef = 59435F5C1E1D40F5007246FB /* PaletteView.swift */; };
		599934A71E1CD95500D43BD5 /* AppDelegate.swift in Sources */ = {isa = PBXBuildFile; fileRef = 599934A61E1CD95500D43BD5 /* AppDelegate.swift */; };
		599934A91E1CD95500D43BD5 /* ArtboardViewController.swift in Sources */ = {isa = PBXBuildFile; fileRef = 599934A81E1CD95500D43BD5 /* ArtboardViewController.swift */; };
		599934AC1E1CD95500D43BD5 /* Main.storyboard in Resources */ = {isa = PBXBuildFile; fileRef = 599934AA1E1CD95500D43BD5 /* Main.storyboard */; };
		599934AE1E1CD95500D43BD5 /* Assets.xcassets in Resources */ = {isa = PBXBuildFile; fileRef = 599934AD1E1CD95500D43BD5 /* Assets.xcassets */; };
		599934B11E1CD95500D43BD5 /* LaunchScreen.storyboard in Resources */ = {isa = PBXBuildFile; fileRef = 599934AF1E1CD95500D43BD5 /* LaunchScreen.storyboard */; };
		59B7E5F11E1E2010001FB867 /* ArtboardView.swift in Sources */ = {isa = PBXBuildFile; fileRef = 59B7E5F01E1E2010001FB867 /* ArtboardView.swift */; };
/* End PBXBuildFile section */

/* Begin PBXFileReference section */
		59435F581E1D2E27007246FB /* PaletteViewController.swift */ = {isa = PBXFileReference; fileEncoding = 4; lastKnownFileType = sourcecode.swift; path = PaletteViewController.swift; sourceTree = "<group>"; };
		59435F5A1E1D3516007246FB /* PopUpView.swift */ = {isa = PBXFileReference; fileEncoding = 4; lastKnownFileType = sourcecode.swift; path = PopUpView.swift; sourceTree = "<group>"; };
		59435F5C1E1D40F5007246FB /* PaletteView.swift */ = {isa = PBXFileReference; fileEncoding = 4; lastKnownFileType = sourcecode.swift; path = PaletteView.swift; sourceTree = "<group>"; };
		599934A31E1CD95500D43BD5 /* LetsPaint.app */ = {isa = PBXFileReference; explicitFileType = wrapper.application; includeInIndex = 0; path = LetsPaint.app; sourceTree = BUILT_PRODUCTS_DIR; };
		599934A61E1CD95500D43BD5 /* AppDelegate.swift */ = {isa = PBXFileReference; lastKnownFileType = sourcecode.swift; path = AppDelegate.swift; sourceTree = "<group>"; };
		599934A81E1CD95500D43BD5 /* ArtboardViewController.swift */ = {isa = PBXFileReference; lastKnownFileType = sourcecode.swift; path = ArtboardViewController.swift; sourceTree = "<group>"; };
		599934AB1E1CD95500D43BD5 /* Base */ = {isa = PBXFileReference; lastKnownFileType = file.storyboard; name = Base; path = Base.lproj/Main.storyboard; sourceTree = "<group>"; };
		599934AD1E1CD95500D43BD5 /* Assets.xcassets */ = {isa = PBXFileReference; lastKnownFileType = folder.assetcatalog; path = Assets.xcassets; sourceTree = "<group>"; };
		599934B01E1CD95500D43BD5 /* Base */ = {isa = PBXFileReference; lastKnownFileType = file.storyboard; name = Base; path = Base.lproj/LaunchScreen.storyboard; sourceTree = "<group>"; };
		599934B21E1CD95500D43BD5 /* Info.plist */ = {isa = PBXFileReference; lastKnownFileType = text.plist.xml; path = Info.plist; sourceTree = "<group>"; };
		59B7E5F01E1E2010001FB867 /* ArtboardView.swift */ = {isa = PBXFileReference; fileEncoding = 4; lastKnownFileType = sourcecode.swift; path = ArtboardView.swift; sourceTree = "<group>"; };
/* End PBXFileReference section */

/* Begin PBXFrameworksBuildPhase section */
		599934A01E1CD95500D43BD5 /* Frameworks */ = {
			isa = PBXFrameworksBuildPhase;
			buildActionMask = 2147483647;
			files = (
			);
			runOnlyForDeploymentPostprocessing = 0;
		};
/* End PBXFrameworksBuildPhase section */

/* Begin PBXGroup section */
		5999349A1E1CD95500D43BD5 = {
			isa = PBXGroup;
			children = (
				599934A51E1CD95500D43BD5 /* LetsPaint */,
				599934A41E1CD95500D43BD5 /* Products */,
			);
			sourceTree = "<group>";
		};
		599934A41E1CD95500D43BD5 /* Products */ = {
			isa = PBXGroup;
			children = (
				599934A31E1CD95500D43BD5 /* LetsPaint.app */,
			);
			name = Products;
			sourceTree = "<group>";
		};
		599934A51E1CD95500D43BD5 /* LetsPaint */ = {
			isa = PBXGroup;
			children = (
				59435F581E1D2E27007246FB /* PaletteViewController.swift */,
				599934A81E1CD95500D43BD5 /* ArtboardViewController.swift */,
				59435F5C1E1D40F5007246FB /* PaletteView.swift */,
				59B7E5F01E1E2010001FB867 /* ArtboardView.swift */,
				599934AA1E1CD95500D43BD5 /* Main.storyboard */,
				599934AF1E1CD95500D43BD5 /* LaunchScreen.storyboard */,
				599934AD1E1CD95500D43BD5 /* Assets.xcassets */,
				599934B81E1CD95E00D43BD5 /* Supporting Files */,
			);
			path = LetsPaint;
			sourceTree = "<group>";
		};
		599934B81E1CD95E00D43BD5 /* Supporting Files */ = {
			isa = PBXGroup;
			children = (
				59435F5A1E1D3516007246FB /* PopUpView.swift */,
				599934A61E1CD95500D43BD5 /* AppDelegate.swift */,
				599934B21E1CD95500D43BD5 /* Info.plist */,
			);
			name = "Supporting Files";
			sourceTree = "<group>";
		};
/* End PBXGroup section */

/* Begin PBXNativeTarget section */
		599934A21E1CD95500D43BD5 /* LetsPaint */ = {
			isa = PBXNativeTarget;
			buildConfigurationList = 599934B51E1CD95500D43BD5 /* Build configuration list for PBXNativeTarget "LetsPaint" */;
			buildPhases = (
				5999349F1E1CD95500D43BD5 /* Sources */,
				599934A01E1CD95500D43BD5 /* Frameworks */,
				599934A11E1CD95500D43BD5 /* Resources */,
			);
			buildRules = (
			);
			dependencies = (
			);
			name = LetsPaint;
			productName = LetsPaint;
			productReference = 599934A31E1CD95500D43BD5 /* LetsPaint.app */;
			productType = "com.apple.product-type.application";
		};
/* End PBXNativeTarget section */

/* Begin PBXProject section */
		5999349B1E1CD95500D43BD5 /* Project object */ = {
			isa = PBXProject;
			attributes = {
				LastSwiftUpdateCheck = 0820;
				LastUpgradeCheck = 0820;
				ORGANIZATIONNAME = "Heng-Hao";
				TargetAttributes = {
					599934A21E1CD95500D43BD5 = {
						CreatedOnToolsVersion = 8.2;
						ProvisioningStyle = Automatic;
					};
				};
			};
			buildConfigurationList = 5999349E1E1CD95500D43BD5 /* Build configuration list for PBXProject "LetsPaint" */;
			compatibilityVersion = "Xcode 3.2";
			developmentRegion = English;
			hasScannedForEncodings = 0;
			knownRegions = (
				en,
				Base,
			);
			mainGroup = 5999349A1E1CD95500D43BD5;
			productRefGroup = 599934A41E1CD95500D43BD5 /* Products */;
			projectDirPath = "";
			projectRoot = "";
			targets = (
				599934A21E1CD95500D43BD5 /* LetsPaint */,
			);
		};
/* End PBXProject section */

/* Begin PBXResourcesBuildPhase section */
		599934A11E1CD95500D43BD5 /* Resources */ = {
			isa = PBXResourcesBuildPhase;
			buildActionMask = 2147483647;
			files = (
				599934B11E1CD95500D43BD5 /* LaunchScreen.storyboard in Resources */,
				599934AE1E1CD95500D43BD5 /* Assets.xcassets in Resources */,
				599934AC1E1CD95500D43BD5 /* Main.storyboard in Resources */,
			);
			runOnlyForDeploymentPostprocessing = 0;
		};
/* End PBXResourcesBuildPhase section */

/* Begin PBXSourcesBuildPhase section */
		5999349F1E1CD95500D43BD5 /* Sources */ = {
			isa = PBXSourcesBuildPhase;
			buildActionMask = 2147483647;
			files = (
				599934A91E1CD95500D43BD5 /* ArtboardViewController.swift in Sources */,
				59435F5B1E1D3516007246FB /* PopUpView.swift in Sources */,
				59435F591E1D2E27007246FB /* PaletteViewController.swift in Sources */,
				599934A71E1CD95500D43BD5 /* AppDelegate.swift in Sources */,
				59435F5D1E1D40F5007246FB /* PaletteView.swift in Sources */,
				59B7E5F11E1E2010001FB867 /* ArtboardView.swift in Sources */,
			);
			runOnlyForDeploymentPostprocessing = 0;
		};
/* End PBXSourcesBuildPhase section */

/* Begin PBXVariantGroup section */
		599934AA1E1CD95500D43BD5 /* Main.storyboard */ = {
			isa = PBXVariantGroup;
			children = (
				599934AB1E1CD95500D43BD5 /* Base */,
			);
			name = Main.storyboard;
			sourceTree = "<group>";
		};
		599934AF1E1CD95500D43BD5 /* LaunchScreen.storyboard */ = {
			isa = PBXVariantGroup;
			children = (
				599934B01E1CD95500D43BD5 /* Base */,
			);
			name = LaunchScreen.storyboard;
			sourceTree = "<group>";
		};
/* End PBXVariantGroup section */

/* Begin XCBuildConfiguration section */
		599934B31E1CD95500D43BD5 /* Debug */ = {
			isa = XCBuildConfiguration;
			buildSettings = {
				ALWAYS_SEARCH_USER_PATHS = NO;
				CLANG_ANALYZER_NONNULL = YES;
				CLANG_CXX_LANGUAGE_STANDARD = "gnu++0x";
				CLANG_CXX_LIBRARY = "libc++";
				CLANG_ENABLE_MODULES = YES;
				CLANG_ENABLE_OBJC_ARC = YES;
				CLANG_WARN_BOOL_CONVERSION = YES;
				CLANG_WARN_CONSTANT_CONVERSION = YES;
				CLANG_WARN_DIRECT_OBJC_ISA_USAGE = YES_ERROR;
				CLANG_WARN_DOCUMENTATION_COMMENTS = YES;
				CLANG_WARN_EMPTY_BODY = YES;
				CLANG_WARN_ENUM_CONVERSION = YES;
				CLANG_WARN_INFINITE_RECURSION = YES;
				CLANG_WARN_INT_CONVERSION = YES;
				CLANG_WARN_OBJC_ROOT_CLASS = YES_ERROR;
				CLANG_WARN_SUSPICIOUS_MOVE = YES;
				CLANG_WARN_UNREACHABLE_CODE = YES;
				CLANG_WARN__DUPLICATE_METHOD_MATCH = YES;
				"CODE_SIGN_IDENTITY[sdk=iphoneos*]" = "iPhone Developer";
				COPY_PHASE_STRIP = NO;
				DEBUG_INFORMATION_FORMAT = dwarf;
				ENABLE_STRICT_OBJC_MSGSEND = YES;
				ENABLE_TESTABILITY = YES;
				GCC_C_LANGUAGE_STANDARD = gnu99;
				GCC_DYNAMIC_NO_PIC = NO;
				GCC_NO_COMMON_BLOCKS = YES;
				GCC_OPTIMIZATION_LEVEL = 0;
				GCC_PREPROCESSOR_DEFINITIONS = (
					"DEBUG=1",
					"$(inherited)",
				);
				GCC_WARN_64_TO_32_BIT_CONVERSION = YES;
				GCC_WARN_ABOUT_RETURN_TYPE = YES_ERROR;
				GCC_WARN_UNDECLARED_SELECTOR = YES;
				GCC_WARN_UNINITIALIZED_AUTOS = YES_AGGRESSIVE;
				GCC_WARN_UNUSED_FUNCTION = YES;
				GCC_WARN_UNUSED_VARIABLE = YES;
				IPHONEOS_DEPLOYMENT_TARGET = 10.2;
				MTL_ENABLE_DEBUG_INFO = YES;
				ONLY_ACTIVE_ARCH = YES;
				SDKROOT = iphoneos;
				SWIFT_ACTIVE_COMPILATION_CONDITIONS = DEBUG;
				SWIFT_OPTIMIZATION_LEVEL = "-Onone";
				TARGETED_DEVICE_FAMILY = "1,2";
			};
			name = Debug;
		};
		599934B41E1CD95500D43BD5 /* Release */ = {
			isa = XCBuildConfiguration;
			buildSettings = {
				ALWAYS_SEARCH_USER_PATHS = NO;
				CLANG_ANALYZER_NONNULL = YES;
				CLANG_CXX_LANGUAGE_STANDARD = "gnu++0x";
				CLANG_CXX_LIBRARY = "libc++";
				CLANG_ENABLE_MODULES = YES;
				CLANG_ENABLE_OBJC_ARC = YES;
				CLANG_WARN_BOOL_CONVERSION = YES;
				CLANG_WARN_CONSTANT_CONVERSION = YES;
				CLANG_WARN_DIRECT_OBJC_ISA_USAGE = YES_ERROR;
				CLANG_WARN_DOCUMENTATION_COMMENTS = YES;
				CLANG_WARN_EMPTY_BODY = YES;
				CLANG_WARN_ENUM_CONVERSION = YES;
				CLANG_WARN_INFINITE_RECURSION = YES;
				CLANG_WARN_INT_CONVERSION = YES;
				CLANG_WARN_OBJC_ROOT_CLASS = YES_ERROR;
				CLANG_WARN_SUSPICIOUS_MOVE = YES;
				CLANG_WARN_UNREACHABLE_CODE = YES;
				CLANG_WARN__DUPLICATE_METHOD_MATCH = YES;
				"CODE_SIGN_IDENTITY[sdk=iphoneos*]" = "iPhone Developer";
				COPY_PHASE_STRIP = NO;
				DEBUG_INFORMATION_FORMAT = "dwarf-with-dsym";
				ENABLE_NS_ASSERTIONS = NO;
				ENABLE_STRICT_OBJC_MSGSEND = YES;
				GCC_C_LANGUAGE_STANDARD = gnu99;
				GCC_NO_COMMON_BLOCKS = YES;
				GCC_WARN_64_TO_32_BIT_CONVERSION = YES;
				GCC_WARN_ABOUT_RETURN_TYPE = YES_ERROR;
				GCC_WARN_UNDECLARED_SELECTOR = YES;
				GCC_WARN_UNINITIALIZED_AUTOS = YES_AGGRESSIVE;
				GCC_WARN_UNUSED_FUNCTION = YES;
				GCC_WARN_UNUSED_VARIABLE = YES;
				IPHONEOS_DEPLOYMENT_TARGET = 10.2;
				MTL_ENABLE_DEBUG_INFO = NO;
				SDKROOT = iphoneos;
				SWIFT_OPTIMIZATION_LEVEL = "-Owholemodule";
				TARGETED_DEVICE_FAMILY = "1,2";
				VALIDATE_PRODUCT = YES;
			};
			name = Release;
		};
		599934B61E1CD95500D43BD5 /* Debug */ = {
			isa = XCBuildConfiguration;
			buildSettings = {
				ASSETCATALOG_COMPILER_APPICON_NAME = AppIcon;
				INFOPLIST_FILE = LetsPaint/Info.plist;
				LD_RUNPATH_SEARCH_PATHS = "$(inherited) @executable_path/Frameworks";
				PRODUCT_BUNDLE_IDENTIFIER = henghao.LetsPaint;
				PRODUCT_NAME = "$(TARGET_NAME)";
				SWIFT_VERSION = 3.0;
			};
			name = Debug;
		};
		599934B71E1CD95500D43BD5 /* Release */ = {
			isa = XCBuildConfiguration;
			buildSettings = {
				ASSETCATALOG_COMPILER_APPICON_NAME = AppIcon;
				INFOPLIST_FILE = LetsPaint/Info.plist;
				LD_RUNPATH_SEARCH_PATHS = "$(inherited) @executable_path/Frameworks";
				PRODUCT_BUNDLE_IDENTIFIER = henghao.LetsPaint;
				PRODUCT_NAME = "$(TARGET_NAME)";
				SWIFT_VERSION = 3.0;
			};
			name = Release;
		};
/* End XCBuildConfiguration section */

/* Begin XCConfigurationList section */
		5999349E1E1CD95500D43BD5 /* Build configuration list for PBXProject "LetsPaint" */ = {
			isa = XCConfigurationList;
			buildConfigurations = (
				599934B31E1CD95500D43BD5 /* Debug */,
				599934B41E1CD95500D43BD5 /* Release */,
			);
			defaultConfigurationIsVisible = 0;
			defaultConfigurationName = Release;
		};
		599934B51E1CD95500D43BD5 /* Build configuration list for PBXNativeTarget "LetsPaint" */ = {
			isa = XCConfigurationList;
			buildConfigurations = (
				599934B61E1CD95500D43BD5 /* Debug */,
				599934B71E1CD95500D43BD5 /* Release */,
			);
			defaultConfigurationIsVisible = 0;
			defaultConfigurationName = Release;
		};
/* End XCConfigurationList section */
	};
	rootObject = 5999349B1E1CD95500D43BD5 /* Project object */;
}
